// !$*UTF8*$!
{
	archiveVersion = 1;
	classes = {
	};
	objectVersion = 48;
	objects = {

/* Begin PBXBuildFile section */
		839E600F1F70073D00C976DA /* AppDelegate.swift in Sources */ = {isa = PBXBuildFile; fileRef = 839E600E1F70073D00C976DA /* AppDelegate.swift */; };
		839E60111F70073D00C976DA /* ViewController.swift in Sources */ = {isa = PBXBuildFile; fileRef = 839E60101F70073D00C976DA /* ViewController.swift */; };
		839E60141F70073D00C976DA /* Main.storyboard in Resources */ = {isa = PBXBuildFile; fileRef = 839E60121F70073D00C976DA /* Main.storyboard */; };
		839E60161F70073D00C976DA /* Assets.xcassets in Resources */ = {isa = PBXBuildFile; fileRef = 839E60151F70073D00C976DA /* Assets.xcassets */; };
		839E60191F70073D00C976DA /* LaunchScreen.storyboard in Resources */ = {isa = PBXBuildFile; fileRef = 839E60171F70073D00C976DA /* LaunchScreen.storyboard */; };
		839E60251F700A2F00C976DA /* RoundedCornerButton.swift in Sources */ = {isa = PBXBuildFile; fileRef = 839E60241F700A2F00C976DA /* RoundedCornerButton.swift */; };
/* End PBXBuildFile section */

/* Begin PBXFileReference section */
		839E600B1F70073D00C976DA /* nCreative.app */ = {isa = PBXFileReference; explicitFileType = wrapper.application; includeInIndex = 0; path = nCreative.app; sourceTree = BUILT_PRODUCTS_DIR; };
		839E600E1F70073D00C976DA /* AppDelegate.swift */ = {isa = PBXFileReference; lastKnownFileType = sourcecode.swift; path = AppDelegate.swift; sourceTree = "<group>"; };
		839E60101F70073D00C976DA /* ViewController.swift */ = {isa = PBXFileReference; lastKnownFileType = sourcecode.swift; path = ViewController.swift; sourceTree = "<group>"; };
		839E60131F70073D00C976DA /* Base */ = {isa = PBXFileReference; lastKnownFileType = file.storyboard; name = Base; path = Base.lproj/Main.storyboard; sourceTree = "<group>"; };
		839E60151F70073D00C976DA /* Assets.xcassets */ = {isa = PBXFileReference; lastKnownFileType = folder.assetcatalog; path = Assets.xcassets; sourceTree = "<group>"; };
		839E60181F70073D00C976DA /* Base */ = {isa = PBXFileReference; lastKnownFileType = file.storyboard; name = Base; path = Base.lproj/LaunchScreen.storyboard; sourceTree = "<group>"; };
		839E601A1F70073D00C976DA /* Info.plist */ = {isa = PBXFileReference; lastKnownFileType = text.plist.xml; path = Info.plist; sourceTree = "<group>"; };
		839E60241F700A2F00C976DA /* RoundedCornerButton.swift */ = {isa = PBXFileReference; lastKnownFileType = sourcecode.swift; path = RoundedCornerButton.swift; sourceTree = "<group>"; };
/* End PBXFileReference section */

/* Begin PBXFrameworksBuildPhase section */
		839E60081F70073D00C976DA /* Frameworks */ = {
			isa = PBXFrameworksBuildPhase;
			buildActionMask = 2147483647;
			files = (
			);
			runOnlyForDeploymentPostprocessing = 0;
		};
/* End PBXFrameworksBuildPhase section */

/* Begin PBXGroup section */
		839E60021F70073D00C976DA = {
			isa = PBXGroup;
			children = (
				839E600D1F70073D00C976DA /* nCreative */,
				839E600C1F70073D00C976DA /* Products */,
			);
			sourceTree = "<group>";
		};
		839E600C1F70073D00C976DA /* Products */ = {
			isa = PBXGroup;
			children = (
				839E600B1F70073D00C976DA /* nCreative.app */,
			);
			name = Products;
			sourceTree = "<group>";
		};
		839E600D1F70073D00C976DA /* nCreative */ = {
			isa = PBXGroup;
			children = (
				839E60231F7009D100C976DA /* Supporting Files */,
				839E60221F7009BE00C976DA /* Models */,
				839E60211F7009B400C976DA /* Controllers */,
				839E60201F7009A900C976DA /* Views */,
				839E60121F70073D00C976DA /* Main.storyboard */,
				839E601A1F70073D00C976DA /* Info.plist */,
			);
			path = nCreative;
			sourceTree = "<group>";
		};
		839E60201F7009A900C976DA /* Views */ = {
			isa = PBXGroup;
			children = (
				839E60241F700A2F00C976DA /* RoundedCornerButton.swift */,
			);
			path = Views;
			sourceTree = "<group>";
		};
		839E60211F7009B400C976DA /* Controllers */ = {
			isa = PBXGroup;
			children = (
				839E60101F70073D00C976DA /* ViewController.swift */,
			);
			path = Controllers;
			sourceTree = "<group>";
		};
		839E60221F7009BE00C976DA /* Models */ = {
			isa = PBXGroup;
			children = (
			);
			path = Models;
			sourceTree = "<group>";
		};
		839E60231F7009D100C976DA /* Supporting Files */ = {
			isa = PBXGroup;
			children = (
				839E600E1F70073D00C976DA /* AppDelegate.swift */,
				839E60151F70073D00C976DA /* Assets.xcassets */,
				839E60171F70073D00C976DA /* LaunchScreen.storyboard */,
			);
			path = "Supporting Files";
			sourceTree = "<group>";
		};
/* End PBXGroup section */

/* Begin PBXNativeTarget section */
		839E600A1F70073D00C976DA /* nCreative */ = {
			isa = PBXNativeTarget;
			buildConfigurationList = 839E601D1F70073D00C976DA /* Build configuration list for PBXNativeTarget "nCreative" */;
			buildPhases = (
				839E60071F70073D00C976DA /* Sources */,
				839E60081F70073D00C976DA /* Frameworks */,
				839E60091F70073D00C976DA /* Resources */,
			);
			buildRules = (
			);
			dependencies = (
			);
			name = nCreative;
			productName = nCreative;
			productReference = 839E600B1F70073D00C976DA /* nCreative.app */;
			productType = "com.apple.product-type.application";
		};
/* End PBXNativeTarget section */

/* Begin PBXProject section */
		839E60031F70073D00C976DA /* Project object */ = {
			isa = PBXProject;
			attributes = {
				LastSwiftUpdateCheck = 0900;
				LastUpgradeCheck = 0900;
				ORGANIZATIONNAME = "Sujanth Sebamalaithasan";
				TargetAttributes = {
					839E600A1F70073D00C976DA = {
						CreatedOnToolsVersion = 9.0;
					};
				};
			};
			buildConfigurationList = 839E60061F70073D00C976DA /* Build configuration list for PBXProject "nCreative" */;
			compatibilityVersion = "Xcode 8.0";
			developmentRegion = en;
			hasScannedForEncodings = 0;
			knownRegions = (
				en,
				Base,
			);
			mainGroup = 839E60021F70073D00C976DA;
			productRefGroup = 839E600C1F70073D00C976DA /* Products */;
			projectDirPath = "";
			projectRoot = "";
			targets = (
				839E600A1F70073D00C976DA /* nCreative */,
			);
		};
/* End PBXProject section */

/* Begin PBXResourcesBuildPhase section */
		839E60091F70073D00C976DA /* Resources */ = {
			isa = PBXResourcesBuildPhase;
			buildActionMask = 2147483647;
			files = (
				839E60191F70073D00C976DA /* LaunchScreen.storyboard in Resources */,
				839E60161F70073D00C976DA /* Assets.xcassets in Resources */,
				839E60141F70073D00C976DA /* Main.storyboard in Resources */,
			);
			runOnlyForDeploymentPostprocessing = 0;
		};
/* End PBXResourcesBuildPhase section */

/* Begin PBXSourcesBuildPhase section */
		839E60071F70073D00C976DA /* Sources */ = {
			isa = PBXSourcesBuildPhase;
			buildActionMask = 2147483647;
			files = (
				839E60251F700A2F00C976DA /* RoundedCornerButton.swift in Sources */,
				839E60111F70073D00C976DA /* ViewController.swift in Sources */,
				839E600F1F70073D00C976DA /* AppDelegate.swift in Sources */,
			);
			runOnlyForDeploymentPostprocessing = 0;
		};
/* End PBXSourcesBuildPhase section */

/* Begin PBXVariantGroup section */
		839E60121F70073D00C976DA /* Main.storyboard */ = {
			isa = PBXVariantGroup;
			children = (
				839E60131F70073D00C976DA /* Base */,
			);
			name = Main.storyboard;
			sourceTree = "<group>";
		};
		839E60171F70073D00C976DA /* LaunchScreen.storyboard */ = {
			isa = PBXVariantGroup;
			children = (
				839E60181F70073D00C976DA /* Base */,
			);
			name = LaunchScreen.storyboard;
			sourceTree = "<group>";
		};
/* End PBXVariantGroup section */

/* Begin XCBuildConfiguration section */
		839E601B1F70073D00C976DA /* Debug */ = {
			isa = XCBuildConfiguration;
			buildSettings = {
				ALWAYS_SEARCH_USER_PATHS = NO;
				CLANG_ANALYZER_NONNULL = YES;
				CLANG_ANALYZER_NUMBER_OBJECT_CONVERSION = YES_AGGRESSIVE;
				CLANG_CXX_LANGUAGE_STANDARD = "gnu++14";
				CLANG_CXX_LIBRARY = "libc++";
				CLANG_ENABLE_MODULES = YES;
				CLANG_ENABLE_OBJC_ARC = YES;
				CLANG_WARN_BLOCK_CAPTURE_AUTORELEASING = YES;
				CLANG_WARN_BOOL_CONVERSION = YES;
				CLANG_WARN_COMMA = YES;
				CLANG_WARN_CONSTANT_CONVERSION = YES;
				CLANG_WARN_DIRECT_OBJC_ISA_USAGE = YES_ERROR;
				CLANG_WARN_DOCUMENTATION_COMMENTS = YES;
				CLANG_WARN_EMPTY_BODY = YES;
				CLANG_WARN_ENUM_CONVERSION = YES;
				CLANG_WARN_INFINITE_RECURSION = YES;
				CLANG_WARN_INT_CONVERSION = YES;
				CLANG_WARN_OBJC_ROOT_CLASS = YES_ERROR;
				CLANG_WARN_RANGE_LOOP_ANALYSIS = YES;
				CLANG_WARN_STRICT_PROTOTYPES = YES;
				CLANG_WARN_SUSPICIOUS_MOVE = YES;
				CLANG_WARN_UNGUARDED_AVAILABILITY = YES_AGGRESSIVE;
				CLANG_WARN_UNREACHABLE_CODE = YES;
				CLANG_WARN__DUPLICATE_METHOD_MATCH = YES;
				CODE_SIGN_IDENTITY = "iPhone Developer";
				COPY_PHASE_STRIP = NO;
				DEBUG_INFORMATION_FORMAT = dwarf;
				ENABLE_STRICT_OBJC_MSGSEND = YES;
				ENABLE_TESTABILITY = YES;
				GCC_C_LANGUAGE_STANDARD = gnu11;
				GCC_DYNAMIC_NO_PIC = NO;
				GCC_NO_COMMON_BLOCKS = YES;
				GCC_OPTIMIZATION_LEVEL = 0;
				GCC_PREPROCESSOR_DEFINITIONS = (
					"DEBUG=1",
					"$(inherited)",
				);
				GCC_WARN_64_TO_32_BIT_CONVERSION = YES;
				GCC_WARN_ABOUT_RETURN_TYPE = YES_ERROR;
				GCC_WARN_UNDECLARED_SELECTOR = YES;
				GCC_WARN_UNINITIALIZED_AUTOS = YES_AGGRESSIVE;
				GCC_WARN_UNUSED_FUNCTION = YES;
				GCC_WARN_UNUSED_VARIABLE = YES;
				IPHONEOS_DEPLOYMENT_TARGET = 11.0;
				MTL_ENABLE_DEBUG_INFO = YES;
				ONLY_ACTIVE_ARCH = YES;
				SDKROOT = iphoneos;
				SWIFT_ACTIVE_COMPILATION_CONDITIONS = DEBUG;
				SWIFT_OPTIMIZATION_LEVEL = "-Onone";
			};
			name = Debug;
		};
		839E601C1F70073D00C976DA /* Release */ = {
			isa = XCBuildConfiguration;
			buildSettings = {
				ALWAYS_SEARCH_USER_PATHS = NO;
				CLANG_ANALYZER_NONNULL = YES;
				CLANG_ANALYZER_NUMBER_OBJECT_CONVERSION = YES_AGGRESSIVE;
				CLANG_CXX_LANGUAGE_STANDARD = "gnu++14";
				CLANG_CXX_LIBRARY = "libc++";
				CLANG_ENABLE_MODULES = YES;
				CLANG_ENABLE_OBJC_ARC = YES;
				CLANG_WARN_BLOCK_CAPTURE_AUTORELEASING = YES;
				CLANG_WARN_BOOL_CONVERSION = YES;
				CLANG_WARN_COMMA = YES;
				CLANG_WARN_CONSTANT_CONVERSION = YES;
				CLANG_WARN_DIRECT_OBJC_ISA_USAGE = YES_ERROR;
				CLANG_WARN_DOCUMENTATION_COMMENTS = YES;
				CLANG_WARN_EMPTY_BODY = YES;
				CLANG_WARN_ENUM_CONVERSION = YES;
				CLANG_WARN_INFINITE_RECURSION = YES;
				CLANG_WARN_INT_CONVERSION = YES;
				CLANG_WARN_OBJC_ROOT_CLASS = YES_ERROR;
				CLANG_WARN_RANGE_LOOP_ANALYSIS = YES;
				CLANG_WARN_STRICT_PROTOTYPES = YES;
				CLANG_WARN_SUSPICIOUS_MOVE = YES;
				CLANG_WARN_UNGUARDED_AVAILABILITY = YES_AGGRESSIVE;
				CLANG_WARN_UNREACHABLE_CODE = YES;
				CLANG_WARN__DUPLICATE_METHOD_MATCH = YES;
				CODE_SIGN_IDENTITY = "iPhone Developer";
				COPY_PHASE_STRIP = NO;
				DEBUG_INFORMATION_FORMAT = "dwarf-with-dsym";
				ENABLE_NS_ASSERTIONS = NO;
				ENABLE_STRICT_OBJC_MSGSEND = YES;
				GCC_C_LANGUAGE_STANDARD = gnu11;
				GCC_NO_COMMON_BLOCKS = YES;
				GCC_WARN_64_TO_32_BIT_CONVERSION = YES;
				GCC_WARN_ABOUT_RETURN_TYPE = YES_ERROR;
				GCC_WARN_UNDECLARED_SELECTOR = YES;
				GCC_WARN_UNINITIALIZED_AUTOS = YES_AGGRESSIVE;
				GCC_WARN_UNUSED_FUNCTION = YES;
				GCC_WARN_UNUSED_VARIABLE = YES;
				IPHONEOS_DEPLOYMENT_TARGET = 11.0;
				MTL_ENABLE_DEBUG_INFO = NO;
				SDKROOT = iphoneos;
				SWIFT_OPTIMIZATION_LEVEL = "-Owholemodule";
				VALIDATE_PRODUCT = YES;
			};
			name = Release;
		};
		839E601E1F70073D00C976DA /* Debug */ = {
			isa = XCBuildConfiguration;
			buildSettings = {
				ASSETCATALOG_COMPILER_APPICON_NAME = AppIcon;
				DEVELOPMENT_TEAM = 7444ZHPYLX;
				INFOPLIST_FILE = nCreative/Info.plist;
				LD_RUNPATH_SEARCH_PATHS = "$(inherited) @executable_path/Frameworks";
				PRODUCT_BUNDLE_IDENTIFIER = com.sujanth.nCreative;
				PRODUCT_NAME = "$(TARGET_NAME)";
				SWIFT_VERSION = 4.0;
				TARGETED_DEVICE_FAMILY = "1,2";
			};
			name = Debug;
		};
		839E601F1F70073D00C976DA /* Release */ = {
			isa = XCBuildConfiguration;
			buildSettings = {
				ASSETCATALOG_COMPILER_APPICON_NAME = AppIcon;
				DEVELOPMENT_TEAM = 7444ZHPYLX;
				INFOPLIST_FILE = nCreative/Info.plist;
				LD_RUNPATH_SEARCH_PATHS = "$(inherited) @executable_path/Frameworks";
				PRODUCT_BUNDLE_IDENTIFIER = com.sujanth.nCreative;
				PRODUCT_NAME = "$(TARGET_NAME)";
				SWIFT_VERSION = 4.0;
				TARGETED_DEVICE_FAMILY = "1,2";
			};
			name = Release;
		};
/* End XCBuildConfiguration section */

/* Begin XCConfigurationList section */
		839E60061F70073D00C976DA /* Build configuration list for PBXProject "nCreative" */ = {
			isa = XCConfigurationList;
			buildConfigurations = (
				839E601B1F70073D00C976DA /* Debug */,
				839E601C1F70073D00C976DA /* Release */,
			);
			defaultConfigurationIsVisible = 0;
			defaultConfigurationName = Release;
		};
		839E601D1F70073D00C976DA /* Build configuration list for PBXNativeTarget "nCreative" */ = {
			isa = XCConfigurationList;
			buildConfigurations = (
				839E601E1F70073D00C976DA /* Debug */,
				839E601F1F70073D00C976DA /* Release */,
			);
			defaultConfigurationIsVisible = 0;
		};
/* End XCConfigurationList section */
	};
	rootObject = 839E60031F70073D00C976DA /* Project object */;
}
